schema: '2.0'
stages:
  list:
    cmd: source stages/01_list.sh
    deps:
    - path: stages/01_list.sh
      hash: md5
      md5: f332de45473e0a12bb7b45f34b61e9b7
      size: 781
      isexec: true
    outs:
    - path: list/bricks.txt
      hash: md5
      md5: 6bdfbbee49eedba96baf97ab216daf71
      size: 2285
