schema: '2.0'
stages:
  list:
    cmd: source stages/01_list.sh
    deps:
    - path: stages/01_list.sh
      hash: md5
      md5: 7230a758e3b8bd51d01ef8bc86b818ae
      size: 792
      isexec: true
    outs:
    - path: list/bricks.txt
      hash: md5
      md5: 9ff8f99668d4dd9e9d84618a11bf826c
      size: 2310
